// !$*UTF8*$!
{
	archiveVersion = 1;
	classes = {
	};
	objectVersion = 46;
	objects = {

/* Begin PBXBuildFile section */
		D8C90CEF1EDD178600B5D9E9 /* AppDelegate.swift in Sources */ = {isa = PBXBuildFile; fileRef = D8C90CEE1EDD178600B5D9E9 /* AppDelegate.swift */; };
		D8C90CF11EDD178600B5D9E9 /* ViewController.swift in Sources */ = {isa = PBXBuildFile; fileRef = D8C90CF01EDD178600B5D9E9 /* ViewController.swift */; };
		D8C90CF41EDD178600B5D9E9 /* Main.storyboard in Resources */ = {isa = PBXBuildFile; fileRef = D8C90CF21EDD178600B5D9E9 /* Main.storyboard */; };
		D8C90CF61EDD178600B5D9E9 /* Assets.xcassets in Resources */ = {isa = PBXBuildFile; fileRef = D8C90CF51EDD178600B5D9E9 /* Assets.xcassets */; };
		D8C90CF91EDD178600B5D9E9 /* LaunchScreen.storyboard in Resources */ = {isa = PBXBuildFile; fileRef = D8C90CF71EDD178600B5D9E9 /* LaunchScreen.storyboard */; };
		D8C90D011EDD400E00B5D9E9 /* MainViewController.swift in Sources */ = {isa = PBXBuildFile; fileRef = D8C90D001EDD400E00B5D9E9 /* MainViewController.swift */; };
		D8C90D031EDD4AB200B5D9E9 /* ThirdViewController.swift in Sources */ = {isa = PBXBuildFile; fileRef = D8C90D021EDD4AB200B5D9E9 /* ThirdViewController.swift */; };
/* End PBXBuildFile section */

/* Begin PBXFileReference section */
		D8C90CEB1EDD178600B5D9E9 /* UserDefault.app */ = {isa = PBXFileReference; explicitFileType = wrapper.application; includeInIndex = 0; path = UserDefault.app; sourceTree = BUILT_PRODUCTS_DIR; };
		D8C90CEE1EDD178600B5D9E9 /* AppDelegate.swift */ = {isa = PBXFileReference; lastKnownFileType = sourcecode.swift; path = AppDelegate.swift; sourceTree = "<group>"; };
		D8C90CF01EDD178600B5D9E9 /* ViewController.swift */ = {isa = PBXFileReference; lastKnownFileType = sourcecode.swift; path = ViewController.swift; sourceTree = "<group>"; };
		D8C90CF31EDD178600B5D9E9 /* Base */ = {isa = PBXFileReference; lastKnownFileType = file.storyboard; name = Base; path = Base.lproj/Main.storyboard; sourceTree = "<group>"; };
		D8C90CF51EDD178600B5D9E9 /* Assets.xcassets */ = {isa = PBXFileReference; lastKnownFileType = folder.assetcatalog; path = Assets.xcassets; sourceTree = "<group>"; };
		D8C90CF81EDD178600B5D9E9 /* Base */ = {isa = PBXFileReference; lastKnownFileType = file.storyboard; name = Base; path = Base.lproj/LaunchScreen.storyboard; sourceTree = "<group>"; };
		D8C90CFA1EDD178600B5D9E9 /* Info.plist */ = {isa = PBXFileReference; lastKnownFileType = text.plist.xml; path = Info.plist; sourceTree = "<group>"; };
		D8C90D001EDD400E00B5D9E9 /* MainViewController.swift */ = {isa = PBXFileReference; fileEncoding = 4; lastKnownFileType = sourcecode.swift; path = MainViewController.swift; sourceTree = "<group>"; };
		D8C90D021EDD4AB200B5D9E9 /* ThirdViewController.swift */ = {isa = PBXFileReference; fileEncoding = 4; lastKnownFileType = sourcecode.swift; path = ThirdViewController.swift; sourceTree = "<group>"; };
/* End PBXFileReference section */

/* Begin PBXFrameworksBuildPhase section */
		D8C90CE81EDD178600B5D9E9 /* Frameworks */ = {
			isa = PBXFrameworksBuildPhase;
			buildActionMask = 2147483647;
			files = (
			);
			runOnlyForDeploymentPostprocessing = 0;
		};
/* End PBXFrameworksBuildPhase section */

/* Begin PBXGroup section */
		D8C90CE21EDD178600B5D9E9 = {
			isa = PBXGroup;
			children = (
				D8C90CED1EDD178600B5D9E9 /* UserDefault */,
				D8C90CEC1EDD178600B5D9E9 /* Products */,
			);
			sourceTree = "<group>";
		};
		D8C90CEC1EDD178600B5D9E9 /* Products */ = {
			isa = PBXGroup;
			children = (
				D8C90CEB1EDD178600B5D9E9 /* UserDefault.app */,
			);
			name = Products;
			sourceTree = "<group>";
		};
		D8C90CED1EDD178600B5D9E9 /* UserDefault */ = {
			isa = PBXGroup;
			children = (
				D8C90CEE1EDD178600B5D9E9 /* AppDelegate.swift */,
				D8C90CF01EDD178600B5D9E9 /* ViewController.swift */,
				D8C90CF21EDD178600B5D9E9 /* Main.storyboard */,
				D8C90CF51EDD178600B5D9E9 /* Assets.xcassets */,
				D8C90D021EDD4AB200B5D9E9 /* ThirdViewController.swift */,
				D8C90D001EDD400E00B5D9E9 /* MainViewController.swift */,
				D8C90CF71EDD178600B5D9E9 /* LaunchScreen.storyboard */,
				D8C90CFA1EDD178600B5D9E9 /* Info.plist */,
			);
			path = UserDefault;
			sourceTree = "<group>";
		};
/* End PBXGroup section */

/* Begin PBXNativeTarget section */
		D8C90CEA1EDD178600B5D9E9 /* UserDefault */ = {
			isa = PBXNativeTarget;
			buildConfigurationList = D8C90CFD1EDD178600B5D9E9 /* Build configuration list for PBXNativeTarget "UserDefault" */;
			buildPhases = (
				D8C90CE71EDD178600B5D9E9 /* Sources */,
				D8C90CE81EDD178600B5D9E9 /* Frameworks */,
				D8C90CE91EDD178600B5D9E9 /* Resources */,
			);
			buildRules = (
			);
			dependencies = (
			);
			name = UserDefault;
			productName = UserDefault;
			productReference = D8C90CEB1EDD178600B5D9E9 /* UserDefault.app */;
			productType = "com.apple.product-type.application";
		};
/* End PBXNativeTarget section */

/* Begin PBXProject section */
		D8C90CE31EDD178600B5D9E9 /* Project object */ = {
			isa = PBXProject;
			attributes = {
				LastSwiftUpdateCheck = 0830;
				LastUpgradeCheck = 0830;
				ORGANIZATIONNAME = joe;
				TargetAttributes = {
					D8C90CEA1EDD178600B5D9E9 = {
						CreatedOnToolsVersion = 8.3.2;
						ProvisioningStyle = Automatic;
					};
				};
			};
			buildConfigurationList = D8C90CE61EDD178600B5D9E9 /* Build configuration list for PBXProject "UserDefault" */;
			compatibilityVersion = "Xcode 3.2";
			developmentRegion = English;
			hasScannedForEncodings = 0;
			knownRegions = (
				en,
				Base,
			);
			mainGroup = D8C90CE21EDD178600B5D9E9;
			productRefGroup = D8C90CEC1EDD178600B5D9E9 /* Products */;
			projectDirPath = "";
			projectRoot = "";
			targets = (
				D8C90CEA1EDD178600B5D9E9 /* UserDefault */,
			);
		};
/* End PBXProject section */

/* Begin PBXResourcesBuildPhase section */
		D8C90CE91EDD178600B5D9E9 /* Resources */ = {
			isa = PBXResourcesBuildPhase;
			buildActionMask = 2147483647;
			files = (
				D8C90CF91EDD178600B5D9E9 /* LaunchScreen.storyboard in Resources */,
				D8C90CF61EDD178600B5D9E9 /* Assets.xcassets in Resources */,
				D8C90CF41EDD178600B5D9E9 /* Main.storyboard in Resources */,
			);
			runOnlyForDeploymentPostprocessing = 0;
		};
/* End PBXResourcesBuildPhase section */

/* Begin PBXSourcesBuildPhase section */
		D8C90CE71EDD178600B5D9E9 /* Sources */ = {
			isa = PBXSourcesBuildPhase;
			buildActionMask = 2147483647;
			files = (
				D8C90D011EDD400E00B5D9E9 /* MainViewController.swift in Sources */,
				D8C90CF11EDD178600B5D9E9 /* ViewController.swift in Sources */,
				D8C90D031EDD4AB200B5D9E9 /* ThirdViewController.swift in Sources */,
				D8C90CEF1EDD178600B5D9E9 /* AppDelegate.swift in Sources */,
			);
			runOnlyForDeploymentPostprocessing = 0;
		};
/* End PBXSourcesBuildPhase section */

/* Begin PBXVariantGroup section */
		D8C90CF21EDD178600B5D9E9 /* Main.storyboard */ = {
			isa = PBXVariantGroup;
			children = (
				D8C90CF31EDD178600B5D9E9 /* Base */,
			);
			name = Main.storyboard;
			sourceTree = "<group>";
		};
		D8C90CF71EDD178600B5D9E9 /* LaunchScreen.storyboard */ = {
			isa = PBXVariantGroup;
			children = (
				D8C90CF81EDD178600B5D9E9 /* Base */,
			);
			name = LaunchScreen.storyboard;
			sourceTree = "<group>";
		};
/* End PBXVariantGroup section */

/* Begin XCBuildConfiguration section */
		D8C90CFB1EDD178600B5D9E9 /* Debug */ = {
			isa = XCBuildConfiguration;
			buildSettings = {
				ALWAYS_SEARCH_USER_PATHS = NO;
				CLANG_ANALYZER_NONNULL = YES;
				CLANG_ANALYZER_NUMBER_OBJECT_CONVERSION = YES_AGGRESSIVE;
				CLANG_CXX_LANGUAGE_STANDARD = "gnu++0x";
				CLANG_CXX_LIBRARY = "libc++";
				CLANG_ENABLE_MODULES = YES;
				CLANG_ENABLE_OBJC_ARC = YES;
				CLANG_WARN_BOOL_CONVERSION = YES;
				CLANG_WARN_CONSTANT_CONVERSION = YES;
				CLANG_WARN_DIRECT_OBJC_ISA_USAGE = YES_ERROR;
				CLANG_WARN_DOCUMENTATION_COMMENTS = YES;
				CLANG_WARN_EMPTY_BODY = YES;
				CLANG_WARN_ENUM_CONVERSION = YES;
				CLANG_WARN_INFINITE_RECURSION = YES;
				CLANG_WARN_INT_CONVERSION = YES;
				CLANG_WARN_OBJC_ROOT_CLASS = YES_ERROR;
				CLANG_WARN_SUSPICIOUS_MOVE = YES;
				CLANG_WARN_UNREACHABLE_CODE = YES;
				CLANG_WARN__DUPLICATE_METHOD_MATCH = YES;
				"CODE_SIGN_IDENTITY[sdk=iphoneos*]" = "iPhone Developer";
				COPY_PHASE_STRIP = NO;
				DEBUG_INFORMATION_FORMAT = dwarf;
				ENABLE_STRICT_OBJC_MSGSEND = YES;
				ENABLE_TESTABILITY = YES;
				GCC_C_LANGUAGE_STANDARD = gnu99;
				GCC_DYNAMIC_NO_PIC = NO;
				GCC_NO_COMMON_BLOCKS = YES;
				GCC_OPTIMIZATION_LEVEL = 0;
				GCC_PREPROCESSOR_DEFINITIONS = (
					"DEBUG=1",
					"$(inherited)",
				);
				GCC_WARN_64_TO_32_BIT_CONVERSION = YES;
				GCC_WARN_ABOUT_RETURN_TYPE = YES_ERROR;
				GCC_WARN_UNDECLARED_SELECTOR = YES;
				GCC_WARN_UNINITIALIZED_AUTOS = YES_AGGRESSIVE;
				GCC_WARN_UNUSED_FUNCTION = YES;
				GCC_WARN_UNUSED_VARIABLE = YES;
				IPHONEOS_DEPLOYMENT_TARGET = 10.3;
				MTL_ENABLE_DEBUG_INFO = YES;
				ONLY_ACTIVE_ARCH = YES;
				SDKROOT = iphoneos;
				SWIFT_ACTIVE_COMPILATION_CONDITIONS = DEBUG;
				SWIFT_OPTIMIZATION_LEVEL = "-Onone";
			};
			name = Debug;
		};
		D8C90CFC1EDD178600B5D9E9 /* Release */ = {
			isa = XCBuildConfiguration;
			buildSettings = {
				ALWAYS_SEARCH_USER_PATHS = NO;
				CLANG_ANALYZER_NONNULL = YES;
				CLANG_ANALYZER_NUMBER_OBJECT_CONVERSION = YES_AGGRESSIVE;
				CLANG_CXX_LANGUAGE_STANDARD = "gnu++0x";
				CLANG_CXX_LIBRARY = "libc++";
				CLANG_ENABLE_MODULES = YES;
				CLANG_ENABLE_OBJC_ARC = YES;
				CLANG_WARN_BOOL_CONVERSION = YES;
				CLANG_WARN_CONSTANT_CONVERSION = YES;
				CLANG_WARN_DIRECT_OBJC_ISA_USAGE = YES_ERROR;
				CLANG_WARN_DOCUMENTATION_COMMENTS = YES;
				CLANG_WARN_EMPTY_BODY = YES;
				CLANG_WARN_ENUM_CONVERSION = YES;
				CLANG_WARN_INFINITE_RECURSION = YES;
				CLANG_WARN_INT_CONVERSION = YES;
				CLANG_WARN_OBJC_ROOT_CLASS = YES_ERROR;
				CLANG_WARN_SUSPICIOUS_MOVE = YES;
				CLANG_WARN_UNREACHABLE_CODE = YES;
				CLANG_WARN__DUPLICATE_METHOD_MATCH = YES;
				"CODE_SIGN_IDENTITY[sdk=iphoneos*]" = "iPhone Developer";
				COPY_PHASE_STRIP = NO;
				DEBUG_INFORMATION_FORMAT = "dwarf-with-dsym";
				ENABLE_NS_ASSERTIONS = NO;
				ENABLE_STRICT_OBJC_MSGSEND = YES;
				GCC_C_LANGUAGE_STANDARD = gnu99;
				GCC_NO_COMMON_BLOCKS = YES;
				GCC_WARN_64_TO_32_BIT_CONVERSION = YES;
				GCC_WARN_ABOUT_RETURN_TYPE = YES_ERROR;
				GCC_WARN_UNDECLARED_SELECTOR = YES;
				GCC_WARN_UNINITIALIZED_AUTOS = YES_AGGRESSIVE;
				GCC_WARN_UNUSED_FUNCTION = YES;
				GCC_WARN_UNUSED_VARIABLE = YES;
				IPHONEOS_DEPLOYMENT_TARGET = 10.3;
				MTL_ENABLE_DEBUG_INFO = NO;
				SDKROOT = iphoneos;
				SWIFT_OPTIMIZATION_LEVEL = "-Owholemodule";
				VALIDATE_PRODUCT = YES;
			};
			name = Release;
		};
		D8C90CFE1EDD178600B5D9E9 /* Debug */ = {
			isa = XCBuildConfiguration;
			buildSettings = {
				ASSETCATALOG_COMPILER_APPICON_NAME = AppIcon;
				INFOPLIST_FILE = UserDefault/Info.plist;
				LD_RUNPATH_SEARCH_PATHS = "$(inherited) @executable_path/Frameworks";
				PRODUCT_BUNDLE_IDENTIFIER = kr.xoul.UserDefault;
				PRODUCT_NAME = "$(TARGET_NAME)";
				SWIFT_VERSION = 3.0;
			};
			name = Debug;
		};
		D8C90CFF1EDD178600B5D9E9 /* Release */ = {
			isa = XCBuildConfiguration;
			buildSettings = {
				ASSETCATALOG_COMPILER_APPICON_NAME = AppIcon;
				INFOPLIST_FILE = UserDefault/Info.plist;
				LD_RUNPATH_SEARCH_PATHS = "$(inherited) @executable_path/Frameworks";
				PRODUCT_BUNDLE_IDENTIFIER = kr.xoul.UserDefault;
				PRODUCT_NAME = "$(TARGET_NAME)";
				SWIFT_VERSION = 3.0;
			};
			name = Release;
		};
/* End XCBuildConfiguration section */

/* Begin XCConfigurationList section */
		D8C90CE61EDD178600B5D9E9 /* Build configuration list for PBXProject "UserDefault" */ = {
			isa = XCConfigurationList;
			buildConfigurations = (
				D8C90CFB1EDD178600B5D9E9 /* Debug */,
				D8C90CFC1EDD178600B5D9E9 /* Release */,
			);
			defaultConfigurationIsVisible = 0;
			defaultConfigurationName = Release;
		};
		D8C90CFD1EDD178600B5D9E9 /* Build configuration list for PBXNativeTarget "UserDefault" */ = {
			isa = XCConfigurationList;
			buildConfigurations = (
				D8C90CFE1EDD178600B5D9E9 /* Debug */,
				D8C90CFF1EDD178600B5D9E9 /* Release */,
			);
			defaultConfigurationIsVisible = 0;
			defaultConfigurationName = Release;
		};
/* End XCConfigurationList section */
	};
	rootObject = D8C90CE31EDD178600B5D9E9 /* Project object */;
}
