// !$*UTF8*$!
{
	archiveVersion = 1;
	classes = {
	};
	objectVersion = 46;
	objects = {

/* Begin PBXBuildFile section */
		D8FEA42F1EC2F8630090DA21 /* AppDelegate.swift in Sources */ = {isa = PBXBuildFile; fileRef = D8FEA42E1EC2F8630090DA21 /* AppDelegate.swift */; };
		D8FEA4311EC2F8630090DA21 /* ViewController.swift in Sources */ = {isa = PBXBuildFile; fileRef = D8FEA4301EC2F8630090DA21 /* ViewController.swift */; };
		D8FEA4341EC2F8630090DA21 /* Main.storyboard in Resources */ = {isa = PBXBuildFile; fileRef = D8FEA4321EC2F8630090DA21 /* Main.storyboard */; };
		D8FEA4361EC2F8630090DA21 /* Assets.xcassets in Resources */ = {isa = PBXBuildFile; fileRef = D8FEA4351EC2F8630090DA21 /* Assets.xcassets */; };
		D8FEA4391EC2F8630090DA21 /* LaunchScreen.storyboard in Resources */ = {isa = PBXBuildFile; fileRef = D8FEA4371EC2F8630090DA21 /* LaunchScreen.storyboard */; };
/* End PBXBuildFile section */

/* Begin PBXFileReference section */
		D8FEA42B1EC2F8630090DA21 /* Calculationproject.app */ = {isa = PBXFileReference; explicitFileType = wrapper.application; includeInIndex = 0; path = Calculationproject.app; sourceTree = BUILT_PRODUCTS_DIR; };
		D8FEA42E1EC2F8630090DA21 /* AppDelegate.swift */ = {isa = PBXFileReference; lastKnownFileType = sourcecode.swift; path = AppDelegate.swift; sourceTree = "<group>"; };
		D8FEA4301EC2F8630090DA21 /* ViewController.swift */ = {isa = PBXFileReference; lastKnownFileType = sourcecode.swift; path = ViewController.swift; sourceTree = "<group>"; };
		D8FEA4331EC2F8630090DA21 /* Base */ = {isa = PBXFileReference; lastKnownFileType = file.storyboard; name = Base; path = Base.lproj/Main.storyboard; sourceTree = "<group>"; };
		D8FEA4351EC2F8630090DA21 /* Assets.xcassets */ = {isa = PBXFileReference; lastKnownFileType = folder.assetcatalog; path = Assets.xcassets; sourceTree = "<group>"; };
		D8FEA4381EC2F8630090DA21 /* Base */ = {isa = PBXFileReference; lastKnownFileType = file.storyboard; name = Base; path = Base.lproj/LaunchScreen.storyboard; sourceTree = "<group>"; };
		D8FEA43A1EC2F8630090DA21 /* Info.plist */ = {isa = PBXFileReference; lastKnownFileType = text.plist.xml; path = Info.plist; sourceTree = "<group>"; };
/* End PBXFileReference section */

/* Begin PBXFrameworksBuildPhase section */
		D8FEA4281EC2F8630090DA21 /* Frameworks */ = {
			isa = PBXFrameworksBuildPhase;
			buildActionMask = 2147483647;
			files = (
			);
			runOnlyForDeploymentPostprocessing = 0;
		};
/* End PBXFrameworksBuildPhase section */

/* Begin PBXGroup section */
		D8FEA4221EC2F8630090DA21 = {
			isa = PBXGroup;
			children = (
				D8FEA42D1EC2F8630090DA21 /* Calculationproject */,
				D8FEA42C1EC2F8630090DA21 /* Products */,
			);
			sourceTree = "<group>";
		};
		D8FEA42C1EC2F8630090DA21 /* Products */ = {
			isa = PBXGroup;
			children = (
				D8FEA42B1EC2F8630090DA21 /* Calculationproject.app */,
			);
			name = Products;
			sourceTree = "<group>";
		};
		D8FEA42D1EC2F8630090DA21 /* Calculationproject */ = {
			isa = PBXGroup;
			children = (
				D8FEA42E1EC2F8630090DA21 /* AppDelegate.swift */,
				D8FEA4301EC2F8630090DA21 /* ViewController.swift */,
				D8FEA4321EC2F8630090DA21 /* Main.storyboard */,
				D8FEA4351EC2F8630090DA21 /* Assets.xcassets */,
				D8FEA4371EC2F8630090DA21 /* LaunchScreen.storyboard */,
				D8FEA43A1EC2F8630090DA21 /* Info.plist */,
			);
			path = Calculationproject;
			sourceTree = "<group>";
		};
/* End PBXGroup section */

/* Begin PBXNativeTarget section */
		D8FEA42A1EC2F8630090DA21 /* Calculationproject */ = {
			isa = PBXNativeTarget;
			buildConfigurationList = D8FEA43D1EC2F8630090DA21 /* Build configuration list for PBXNativeTarget "Calculationproject" */;
			buildPhases = (
				D8FEA4271EC2F8630090DA21 /* Sources */,
				D8FEA4281EC2F8630090DA21 /* Frameworks */,
				D8FEA4291EC2F8630090DA21 /* Resources */,
			);
			buildRules = (
			);
			dependencies = (
			);
			name = Calculationproject;
			productName = Calculationproject;
			productReference = D8FEA42B1EC2F8630090DA21 /* Calculationproject.app */;
			productType = "com.apple.product-type.application";
		};
/* End PBXNativeTarget section */

/* Begin PBXProject section */
		D8FEA4231EC2F8630090DA21 /* Project object */ = {
			isa = PBXProject;
			attributes = {
				LastSwiftUpdateCheck = 0820;
				LastUpgradeCheck = 0820;
				ORGANIZATIONNAME = joe;
				TargetAttributes = {
					D8FEA42A1EC2F8630090DA21 = {
						CreatedOnToolsVersion = 8.2.1;
						ProvisioningStyle = Automatic;
					};
				};
			};
			buildConfigurationList = D8FEA4261EC2F8630090DA21 /* Build configuration list for PBXProject "Calculationproject" */;
			compatibilityVersion = "Xcode 3.2";
			developmentRegion = English;
			hasScannedForEncodings = 0;
			knownRegions = (
				en,
				Base,
			);
			mainGroup = D8FEA4221EC2F8630090DA21;
			productRefGroup = D8FEA42C1EC2F8630090DA21 /* Products */;
			projectDirPath = "";
			projectRoot = "";
			targets = (
				D8FEA42A1EC2F8630090DA21 /* Calculationproject */,
			);
		};
/* End PBXProject section */

/* Begin PBXResourcesBuildPhase section */
		D8FEA4291EC2F8630090DA21 /* Resources */ = {
			isa = PBXResourcesBuildPhase;
			buildActionMask = 2147483647;
			files = (
				D8FEA4391EC2F8630090DA21 /* LaunchScreen.storyboard in Resources */,
				D8FEA4361EC2F8630090DA21 /* Assets.xcassets in Resources */,
				D8FEA4341EC2F8630090DA21 /* Main.storyboard in Resources */,
			);
			runOnlyForDeploymentPostprocessing = 0;
		};
/* End PBXResourcesBuildPhase section */

/* Begin PBXSourcesBuildPhase section */
		D8FEA4271EC2F8630090DA21 /* Sources */ = {
			isa = PBXSourcesBuildPhase;
			buildActionMask = 2147483647;
			files = (
				D8FEA4311EC2F8630090DA21 /* ViewController.swift in Sources */,
				D8FEA42F1EC2F8630090DA21 /* AppDelegate.swift in Sources */,
			);
			runOnlyForDeploymentPostprocessing = 0;
		};
/* End PBXSourcesBuildPhase section */

/* Begin PBXVariantGroup section */
		D8FEA4321EC2F8630090DA21 /* Main.storyboard */ = {
			isa = PBXVariantGroup;
			children = (
				D8FEA4331EC2F8630090DA21 /* Base */,
			);
			name = Main.storyboard;
			sourceTree = "<group>";
		};
		D8FEA4371EC2F8630090DA21 /* LaunchScreen.storyboard */ = {
			isa = PBXVariantGroup;
			children = (
				D8FEA4381EC2F8630090DA21 /* Base */,
			);
			name = LaunchScreen.storyboard;
			sourceTree = "<group>";
		};
/* End PBXVariantGroup section */

/* Begin XCBuildConfiguration section */
		D8FEA43B1EC2F8630090DA21 /* Debug */ = {
			isa = XCBuildConfiguration;
			buildSettings = {
				ALWAYS_SEARCH_USER_PATHS = NO;
				CLANG_ANALYZER_NONNULL = YES;
				CLANG_CXX_LANGUAGE_STANDARD = "gnu++0x";
				CLANG_CXX_LIBRARY = "libc++";
				CLANG_ENABLE_MODULES = YES;
				CLANG_ENABLE_OBJC_ARC = YES;
				CLANG_WARN_BOOL_CONVERSION = YES;
				CLANG_WARN_CONSTANT_CONVERSION = YES;
				CLANG_WARN_DIRECT_OBJC_ISA_USAGE = YES_ERROR;
				CLANG_WARN_DOCUMENTATION_COMMENTS = YES;
				CLANG_WARN_EMPTY_BODY = YES;
				CLANG_WARN_ENUM_CONVERSION = YES;
				CLANG_WARN_INFINITE_RECURSION = YES;
				CLANG_WARN_INT_CONVERSION = YES;
				CLANG_WARN_OBJC_ROOT_CLASS = YES_ERROR;
				CLANG_WARN_SUSPICIOUS_MOVE = YES;
				CLANG_WARN_UNREACHABLE_CODE = YES;
				CLANG_WARN__DUPLICATE_METHOD_MATCH = YES;
				"CODE_SIGN_IDENTITY[sdk=iphoneos*]" = "iPhone Developer";
				COPY_PHASE_STRIP = NO;
				DEBUG_INFORMATION_FORMAT = dwarf;
				ENABLE_STRICT_OBJC_MSGSEND = YES;
				ENABLE_TESTABILITY = YES;
				GCC_C_LANGUAGE_STANDARD = gnu99;
				GCC_DYNAMIC_NO_PIC = NO;
				GCC_NO_COMMON_BLOCKS = YES;
				GCC_OPTIMIZATION_LEVEL = 0;
				GCC_PREPROCESSOR_DEFINITIONS = (
					"DEBUG=1",
					"$(inherited)",
				);
				GCC_WARN_64_TO_32_BIT_CONVERSION = YES;
				GCC_WARN_ABOUT_RETURN_TYPE = YES_ERROR;
				GCC_WARN_UNDECLARED_SELECTOR = YES;
				GCC_WARN_UNINITIALIZED_AUTOS = YES_AGGRESSIVE;
				GCC_WARN_UNUSED_FUNCTION = YES;
				GCC_WARN_UNUSED_VARIABLE = YES;
				IPHONEOS_DEPLOYMENT_TARGET = 10.2;
				MTL_ENABLE_DEBUG_INFO = YES;
				ONLY_ACTIVE_ARCH = YES;
				SDKROOT = iphoneos;
				SWIFT_ACTIVE_COMPILATION_CONDITIONS = DEBUG;
				SWIFT_OPTIMIZATION_LEVEL = "-Onone";
			};
			name = Debug;
		};
		D8FEA43C1EC2F8630090DA21 /* Release */ = {
			isa = XCBuildConfiguration;
			buildSettings = {
				ALWAYS_SEARCH_USER_PATHS = NO;
				CLANG_ANALYZER_NONNULL = YES;
				CLANG_CXX_LANGUAGE_STANDARD = "gnu++0x";
				CLANG_CXX_LIBRARY = "libc++";
				CLANG_ENABLE_MODULES = YES;
				CLANG_ENABLE_OBJC_ARC = YES;
				CLANG_WARN_BOOL_CONVERSION = YES;
				CLANG_WARN_CONSTANT_CONVERSION = YES;
				CLANG_WARN_DIRECT_OBJC_ISA_USAGE = YES_ERROR;
				CLANG_WARN_DOCUMENTATION_COMMENTS = YES;
				CLANG_WARN_EMPTY_BODY = YES;
				CLANG_WARN_ENUM_CONVERSION = YES;
				CLANG_WARN_INFINITE_RECURSION = YES;
				CLANG_WARN_INT_CONVERSION = YES;
				CLANG_WARN_OBJC_ROOT_CLASS = YES_ERROR;
				CLANG_WARN_SUSPICIOUS_MOVE = YES;
				CLANG_WARN_UNREACHABLE_CODE = YES;
				CLANG_WARN__DUPLICATE_METHOD_MATCH = YES;
				"CODE_SIGN_IDENTITY[sdk=iphoneos*]" = "iPhone Developer";
				COPY_PHASE_STRIP = NO;
				DEBUG_INFORMATION_FORMAT = "dwarf-with-dsym";
				ENABLE_NS_ASSERTIONS = NO;
				ENABLE_STRICT_OBJC_MSGSEND = YES;
				GCC_C_LANGUAGE_STANDARD = gnu99;
				GCC_NO_COMMON_BLOCKS = YES;
				GCC_WARN_64_TO_32_BIT_CONVERSION = YES;
				GCC_WARN_ABOUT_RETURN_TYPE = YES_ERROR;
				GCC_WARN_UNDECLARED_SELECTOR = YES;
				GCC_WARN_UNINITIALIZED_AUTOS = YES_AGGRESSIVE;
				GCC_WARN_UNUSED_FUNCTION = YES;
				GCC_WARN_UNUSED_VARIABLE = YES;
				IPHONEOS_DEPLOYMENT_TARGET = 10.2;
				MTL_ENABLE_DEBUG_INFO = NO;
				SDKROOT = iphoneos;
				SWIFT_OPTIMIZATION_LEVEL = "-Owholemodule";
				VALIDATE_PRODUCT = YES;
			};
			name = Release;
		};
		D8FEA43E1EC2F8630090DA21 /* Debug */ = {
			isa = XCBuildConfiguration;
			buildSettings = {
				ASSETCATALOG_COMPILER_APPICON_NAME = AppIcon;
				INFOPLIST_FILE = Calculationproject/Info.plist;
				LD_RUNPATH_SEARCH_PATHS = "$(inherited) @executable_path/Frameworks";
				PRODUCT_BUNDLE_IDENTIFIER = kr.xoul.Calculationproject;
				PRODUCT_NAME = "$(TARGET_NAME)";
				SWIFT_VERSION = 3.0;
			};
			name = Debug;
		};
		D8FEA43F1EC2F8630090DA21 /* Release */ = {
			isa = XCBuildConfiguration;
			buildSettings = {
				ASSETCATALOG_COMPILER_APPICON_NAME = AppIcon;
				INFOPLIST_FILE = Calculationproject/Info.plist;
				LD_RUNPATH_SEARCH_PATHS = "$(inherited) @executable_path/Frameworks";
				PRODUCT_BUNDLE_IDENTIFIER = kr.xoul.Calculationproject;
				PRODUCT_NAME = "$(TARGET_NAME)";
				SWIFT_VERSION = 3.0;
			};
			name = Release;
		};
/* End XCBuildConfiguration section */

/* Begin XCConfigurationList section */
		D8FEA4261EC2F8630090DA21 /* Build configuration list for PBXProject "Calculationproject" */ = {
			isa = XCConfigurationList;
			buildConfigurations = (
				D8FEA43B1EC2F8630090DA21 /* Debug */,
				D8FEA43C1EC2F8630090DA21 /* Release */,
			);
			defaultConfigurationIsVisible = 0;
			defaultConfigurationName = Release;
		};
		D8FEA43D1EC2F8630090DA21 /* Build configuration list for PBXNativeTarget "Calculationproject" */ = {
			isa = XCConfigurationList;
			buildConfigurations = (
				D8FEA43E1EC2F8630090DA21 /* Debug */,
				D8FEA43F1EC2F8630090DA21 /* Release */,
			);
			defaultConfigurationIsVisible = 0;
		};
/* End XCConfigurationList section */
	};
	rootObject = D8FEA4231EC2F8630090DA21 /* Project object */;
}
