// !$*UTF8*$!
{
	archiveVersion = 1;
	classes = {
	};
	objectVersion = 46;
	objects = {

/* Begin PBXBuildFile section */
		D8F8654C1ECE915900BC1B93 /* AppDelegate.swift in Sources */ = {isa = PBXBuildFile; fileRef = D8F8654B1ECE915900BC1B93 /* AppDelegate.swift */; };
		D8F8654E1ECE915900BC1B93 /* ViewController.swift in Sources */ = {isa = PBXBuildFile; fileRef = D8F8654D1ECE915900BC1B93 /* ViewController.swift */; };
		D8F865511ECE915900BC1B93 /* Main.storyboard in Resources */ = {isa = PBXBuildFile; fileRef = D8F8654F1ECE915900BC1B93 /* Main.storyboard */; };
		D8F865531ECE915900BC1B93 /* Assets.xcassets in Resources */ = {isa = PBXBuildFile; fileRef = D8F865521ECE915900BC1B93 /* Assets.xcassets */; };
		D8F865561ECE915900BC1B93 /* LaunchScreen.storyboard in Resources */ = {isa = PBXBuildFile; fileRef = D8F865541ECE915900BC1B93 /* LaunchScreen.storyboard */; };
		D8F865601ECE91E100BC1B93 /* 001.png in Resources */ = {isa = PBXBuildFile; fileRef = D8F8655D1ECE91E100BC1B93 /* 001.png */; };
		D8F865611ECE91E100BC1B93 /* 002.png in Resources */ = {isa = PBXBuildFile; fileRef = D8F8655E1ECE91E100BC1B93 /* 002.png */; };
		D8F865621ECE91E100BC1B93 /* 003.png in Resources */ = {isa = PBXBuildFile; fileRef = D8F8655F1ECE91E100BC1B93 /* 003.png */; };
		D8F865641ECE95D700BC1B93 /* Drink.swift in Sources */ = {isa = PBXBuildFile; fileRef = D8F865631ECE95D700BC1B93 /* Drink.swift */; };
		D8F865681ECEBFC200BC1B93 /* 100.jpg in Resources */ = {isa = PBXBuildFile; fileRef = D8F865651ECEBFC200BC1B93 /* 100.jpg */; };
		D8F865691ECEBFC200BC1B93 /* 500.jpg in Resources */ = {isa = PBXBuildFile; fileRef = D8F865661ECEBFC200BC1B93 /* 500.jpg */; };
		D8F8656A1ECEBFC200BC1B93 /* 1000.png in Resources */ = {isa = PBXBuildFile; fileRef = D8F865671ECEBFC200BC1B93 /* 1000.png */; };
		D8F8656C1ECEC1DA00BC1B93 /* Coin.swift in Sources */ = {isa = PBXBuildFile; fileRef = D8F8656B1ECEC1DA00BC1B93 /* Coin.swift */; };
		D8F8656E1ECED04200BC1B93 /* plus.png in Resources */ = {isa = PBXBuildFile; fileRef = D8F8656D1ECED04200BC1B93 /* plus.png */; };
/* End PBXBuildFile section */

/* Begin PBXFileReference section */
		D8F865481ECE915900BC1B93 /* VendingMachine.app */ = {isa = PBXFileReference; explicitFileType = wrapper.application; includeInIndex = 0; path = VendingMachine.app; sourceTree = BUILT_PRODUCTS_DIR; };
		D8F8654B1ECE915900BC1B93 /* AppDelegate.swift */ = {isa = PBXFileReference; lastKnownFileType = sourcecode.swift; path = AppDelegate.swift; sourceTree = "<group>"; };
		D8F8654D1ECE915900BC1B93 /* ViewController.swift */ = {isa = PBXFileReference; lastKnownFileType = sourcecode.swift; path = ViewController.swift; sourceTree = "<group>"; };
		D8F865501ECE915900BC1B93 /* Base */ = {isa = PBXFileReference; lastKnownFileType = file.storyboard; name = Base; path = Base.lproj/Main.storyboard; sourceTree = "<group>"; };
		D8F865521ECE915900BC1B93 /* Assets.xcassets */ = {isa = PBXFileReference; lastKnownFileType = folder.assetcatalog; path = Assets.xcassets; sourceTree = "<group>"; };
		D8F865551ECE915900BC1B93 /* Base */ = {isa = PBXFileReference; lastKnownFileType = file.storyboard; name = Base; path = Base.lproj/LaunchScreen.storyboard; sourceTree = "<group>"; };
		D8F865571ECE915900BC1B93 /* Info.plist */ = {isa = PBXFileReference; lastKnownFileType = text.plist.xml; path = Info.plist; sourceTree = "<group>"; };
		D8F8655D1ECE91E100BC1B93 /* 001.png */ = {isa = PBXFileReference; lastKnownFileType = image.png; path = 001.png; sourceTree = "<group>"; };
		D8F8655E1ECE91E100BC1B93 /* 002.png */ = {isa = PBXFileReference; lastKnownFileType = image.png; path = 002.png; sourceTree = "<group>"; };
		D8F8655F1ECE91E100BC1B93 /* 003.png */ = {isa = PBXFileReference; lastKnownFileType = image.png; path = 003.png; sourceTree = "<group>"; };
		D8F865631ECE95D700BC1B93 /* Drink.swift */ = {isa = PBXFileReference; fileEncoding = 4; lastKnownFileType = sourcecode.swift; path = Drink.swift; sourceTree = "<group>"; };
		D8F865651ECEBFC200BC1B93 /* 100.jpg */ = {isa = PBXFileReference; lastKnownFileType = image.jpeg; path = 100.jpg; sourceTree = "<group>"; };
		D8F865661ECEBFC200BC1B93 /* 500.jpg */ = {isa = PBXFileReference; lastKnownFileType = image.jpeg; path = 500.jpg; sourceTree = "<group>"; };
		D8F865671ECEBFC200BC1B93 /* 1000.png */ = {isa = PBXFileReference; lastKnownFileType = image.png; path = 1000.png; sourceTree = "<group>"; };
		D8F8656B1ECEC1DA00BC1B93 /* Coin.swift */ = {isa = PBXFileReference; fileEncoding = 4; lastKnownFileType = sourcecode.swift; path = Coin.swift; sourceTree = "<group>"; };
		D8F8656D1ECED04200BC1B93 /* plus.png */ = {isa = PBXFileReference; lastKnownFileType = image.png; path = plus.png; sourceTree = "<group>"; };
/* End PBXFileReference section */

/* Begin PBXFrameworksBuildPhase section */
		D8F865451ECE915900BC1B93 /* Frameworks */ = {
			isa = PBXFrameworksBuildPhase;
			buildActionMask = 2147483647;
			files = (
			);
			runOnlyForDeploymentPostprocessing = 0;
		};
/* End PBXFrameworksBuildPhase section */

/* Begin PBXGroup section */
		D8F8653F1ECE915800BC1B93 = {
			isa = PBXGroup;
			children = (
				D8F8654A1ECE915900BC1B93 /* VendingMachine */,
				D8F865491ECE915900BC1B93 /* Products */,
			);
			sourceTree = "<group>";
		};
		D8F865491ECE915900BC1B93 /* Products */ = {
			isa = PBXGroup;
			children = (
				D8F865481ECE915900BC1B93 /* VendingMachine.app */,
			);
			name = Products;
			sourceTree = "<group>";
		};
		D8F8654A1ECE915900BC1B93 /* VendingMachine */ = {
			isa = PBXGroup;
			children = (
				D8F8654B1ECE915900BC1B93 /* AppDelegate.swift */,
				D8F8654D1ECE915900BC1B93 /* ViewController.swift */,
				D8F8654F1ECE915900BC1B93 /* Main.storyboard */,
				D8F865521ECE915900BC1B93 /* Assets.xcassets */,
				D8F865541ECE915900BC1B93 /* LaunchScreen.storyboard */,
				D8F8656B1ECEC1DA00BC1B93 /* Coin.swift */,
				D8F865571ECE915900BC1B93 /* Info.plist */,
				D8F865631ECE95D700BC1B93 /* Drink.swift */,
				D8F865651ECEBFC200BC1B93 /* 100.jpg */,
				D8F8656D1ECED04200BC1B93 /* plus.png */,
				D8F865661ECEBFC200BC1B93 /* 500.jpg */,
				D8F865671ECEBFC200BC1B93 /* 1000.png */,
				D8F8655D1ECE91E100BC1B93 /* 001.png */,
				D8F8655E1ECE91E100BC1B93 /* 002.png */,
				D8F8655F1ECE91E100BC1B93 /* 003.png */,
			);
			path = VendingMachine;
			sourceTree = "<group>";
		};
/* End PBXGroup section */

/* Begin PBXNativeTarget section */
		D8F865471ECE915900BC1B93 /* VendingMachine */ = {
			isa = PBXNativeTarget;
			buildConfigurationList = D8F8655A1ECE915900BC1B93 /* Build configuration list for PBXNativeTarget "VendingMachine" */;
			buildPhases = (
				D8F865441ECE915900BC1B93 /* Sources */,
				D8F865451ECE915900BC1B93 /* Frameworks */,
				D8F865461ECE915900BC1B93 /* Resources */,
			);
			buildRules = (
			);
			dependencies = (
			);
			name = VendingMachine;
			productName = VendingMachine;
			productReference = D8F865481ECE915900BC1B93 /* VendingMachine.app */;
			productType = "com.apple.product-type.application";
		};
/* End PBXNativeTarget section */

/* Begin PBXProject section */
		D8F865401ECE915800BC1B93 /* Project object */ = {
			isa = PBXProject;
			attributes = {
				LastSwiftUpdateCheck = 0820;
				LastUpgradeCheck = 0820;
				ORGANIZATIONNAME = joe;
				TargetAttributes = {
					D8F865471ECE915900BC1B93 = {
						CreatedOnToolsVersion = 8.2.1;
						ProvisioningStyle = Automatic;
					};
				};
			};
			buildConfigurationList = D8F865431ECE915800BC1B93 /* Build configuration list for PBXProject "VendingMachine" */;
			compatibilityVersion = "Xcode 3.2";
			developmentRegion = English;
			hasScannedForEncodings = 0;
			knownRegions = (
				en,
				Base,
			);
			mainGroup = D8F8653F1ECE915800BC1B93;
			productRefGroup = D8F865491ECE915900BC1B93 /* Products */;
			projectDirPath = "";
			projectRoot = "";
			targets = (
				D8F865471ECE915900BC1B93 /* VendingMachine */,
			);
		};
/* End PBXProject section */

/* Begin PBXResourcesBuildPhase section */
		D8F865461ECE915900BC1B93 /* Resources */ = {
			isa = PBXResourcesBuildPhase;
			buildActionMask = 2147483647;
			files = (
				D8F8656A1ECEBFC200BC1B93 /* 1000.png in Resources */,
				D8F8656E1ECED04200BC1B93 /* plus.png in Resources */,
				D8F865681ECEBFC200BC1B93 /* 100.jpg in Resources */,
				D8F865561ECE915900BC1B93 /* LaunchScreen.storyboard in Resources */,
				D8F865531ECE915900BC1B93 /* Assets.xcassets in Resources */,
				D8F865691ECEBFC200BC1B93 /* 500.jpg in Resources */,
				D8F865511ECE915900BC1B93 /* Main.storyboard in Resources */,
				D8F865621ECE91E100BC1B93 /* 003.png in Resources */,
				D8F865611ECE91E100BC1B93 /* 002.png in Resources */,
				D8F865601ECE91E100BC1B93 /* 001.png in Resources */,
			);
			runOnlyForDeploymentPostprocessing = 0;
		};
/* End PBXResourcesBuildPhase section */

/* Begin PBXSourcesBuildPhase section */
		D8F865441ECE915900BC1B93 /* Sources */ = {
			isa = PBXSourcesBuildPhase;
			buildActionMask = 2147483647;
			files = (
				D8F8654E1ECE915900BC1B93 /* ViewController.swift in Sources */,
				D8F865641ECE95D700BC1B93 /* Drink.swift in Sources */,
				D8F8656C1ECEC1DA00BC1B93 /* Coin.swift in Sources */,
				D8F8654C1ECE915900BC1B93 /* AppDelegate.swift in Sources */,
			);
			runOnlyForDeploymentPostprocessing = 0;
		};
/* End PBXSourcesBuildPhase section */

/* Begin PBXVariantGroup section */
		D8F8654F1ECE915900BC1B93 /* Main.storyboard */ = {
			isa = PBXVariantGroup;
			children = (
				D8F865501ECE915900BC1B93 /* Base */,
			);
			name = Main.storyboard;
			sourceTree = "<group>";
		};
		D8F865541ECE915900BC1B93 /* LaunchScreen.storyboard */ = {
			isa = PBXVariantGroup;
			children = (
				D8F865551ECE915900BC1B93 /* Base */,
			);
			name = LaunchScreen.storyboard;
			sourceTree = "<group>";
		};
/* End PBXVariantGroup section */

/* Begin XCBuildConfiguration section */
		D8F865581ECE915900BC1B93 /* Debug */ = {
			isa = XCBuildConfiguration;
			buildSettings = {
				ALWAYS_SEARCH_USER_PATHS = NO;
				CLANG_ANALYZER_NONNULL = YES;
				CLANG_CXX_LANGUAGE_STANDARD = "gnu++0x";
				CLANG_CXX_LIBRARY = "libc++";
				CLANG_ENABLE_MODULES = YES;
				CLANG_ENABLE_OBJC_ARC = YES;
				CLANG_WARN_BOOL_CONVERSION = YES;
				CLANG_WARN_CONSTANT_CONVERSION = YES;
				CLANG_WARN_DIRECT_OBJC_ISA_USAGE = YES_ERROR;
				CLANG_WARN_DOCUMENTATION_COMMENTS = YES;
				CLANG_WARN_EMPTY_BODY = YES;
				CLANG_WARN_ENUM_CONVERSION = YES;
				CLANG_WARN_INFINITE_RECURSION = YES;
				CLANG_WARN_INT_CONVERSION = YES;
				CLANG_WARN_OBJC_ROOT_CLASS = YES_ERROR;
				CLANG_WARN_SUSPICIOUS_MOVE = YES;
				CLANG_WARN_UNREACHABLE_CODE = YES;
				CLANG_WARN__DUPLICATE_METHOD_MATCH = YES;
				"CODE_SIGN_IDENTITY[sdk=iphoneos*]" = "iPhone Developer";
				COPY_PHASE_STRIP = NO;
				DEBUG_INFORMATION_FORMAT = dwarf;
				ENABLE_STRICT_OBJC_MSGSEND = YES;
				ENABLE_TESTABILITY = YES;
				GCC_C_LANGUAGE_STANDARD = gnu99;
				GCC_DYNAMIC_NO_PIC = NO;
				GCC_NO_COMMON_BLOCKS = YES;
				GCC_OPTIMIZATION_LEVEL = 0;
				GCC_PREPROCESSOR_DEFINITIONS = (
					"DEBUG=1",
					"$(inherited)",
				);
				GCC_WARN_64_TO_32_BIT_CONVERSION = YES;
				GCC_WARN_ABOUT_RETURN_TYPE = YES_ERROR;
				GCC_WARN_UNDECLARED_SELECTOR = YES;
				GCC_WARN_UNINITIALIZED_AUTOS = YES_AGGRESSIVE;
				GCC_WARN_UNUSED_FUNCTION = YES;
				GCC_WARN_UNUSED_VARIABLE = YES;
				IPHONEOS_DEPLOYMENT_TARGET = 10.2;
				MTL_ENABLE_DEBUG_INFO = YES;
				ONLY_ACTIVE_ARCH = YES;
				SDKROOT = iphoneos;
				SWIFT_ACTIVE_COMPILATION_CONDITIONS = DEBUG;
				SWIFT_OPTIMIZATION_LEVEL = "-Onone";
			};
			name = Debug;
		};
		D8F865591ECE915900BC1B93 /* Release */ = {
			isa = XCBuildConfiguration;
			buildSettings = {
				ALWAYS_SEARCH_USER_PATHS = NO;
				CLANG_ANALYZER_NONNULL = YES;
				CLANG_CXX_LANGUAGE_STANDARD = "gnu++0x";
				CLANG_CXX_LIBRARY = "libc++";
				CLANG_ENABLE_MODULES = YES;
				CLANG_ENABLE_OBJC_ARC = YES;
				CLANG_WARN_BOOL_CONVERSION = YES;
				CLANG_WARN_CONSTANT_CONVERSION = YES;
				CLANG_WARN_DIRECT_OBJC_ISA_USAGE = YES_ERROR;
				CLANG_WARN_DOCUMENTATION_COMMENTS = YES;
				CLANG_WARN_EMPTY_BODY = YES;
				CLANG_WARN_ENUM_CONVERSION = YES;
				CLANG_WARN_INFINITE_RECURSION = YES;
				CLANG_WARN_INT_CONVERSION = YES;
				CLANG_WARN_OBJC_ROOT_CLASS = YES_ERROR;
				CLANG_WARN_SUSPICIOUS_MOVE = YES;
				CLANG_WARN_UNREACHABLE_CODE = YES;
				CLANG_WARN__DUPLICATE_METHOD_MATCH = YES;
				"CODE_SIGN_IDENTITY[sdk=iphoneos*]" = "iPhone Developer";
				COPY_PHASE_STRIP = NO;
				DEBUG_INFORMATION_FORMAT = "dwarf-with-dsym";
				ENABLE_NS_ASSERTIONS = NO;
				ENABLE_STRICT_OBJC_MSGSEND = YES;
				GCC_C_LANGUAGE_STANDARD = gnu99;
				GCC_NO_COMMON_BLOCKS = YES;
				GCC_WARN_64_TO_32_BIT_CONVERSION = YES;
				GCC_WARN_ABOUT_RETURN_TYPE = YES_ERROR;
				GCC_WARN_UNDECLARED_SELECTOR = YES;
				GCC_WARN_UNINITIALIZED_AUTOS = YES_AGGRESSIVE;
				GCC_WARN_UNUSED_FUNCTION = YES;
				GCC_WARN_UNUSED_VARIABLE = YES;
				IPHONEOS_DEPLOYMENT_TARGET = 10.2;
				MTL_ENABLE_DEBUG_INFO = NO;
				SDKROOT = iphoneos;
				SWIFT_OPTIMIZATION_LEVEL = "-Owholemodule";
				VALIDATE_PRODUCT = YES;
			};
			name = Release;
		};
		D8F8655B1ECE915900BC1B93 /* Debug */ = {
			isa = XCBuildConfiguration;
			buildSettings = {
				ASSETCATALOG_COMPILER_APPICON_NAME = AppIcon;
				INFOPLIST_FILE = VendingMachine/Info.plist;
				LD_RUNPATH_SEARCH_PATHS = "$(inherited) @executable_path/Frameworks";
				PRODUCT_BUNDLE_IDENTIFIER = kr.xoul.VendingMachine;
				PRODUCT_NAME = "$(TARGET_NAME)";
				SWIFT_VERSION = 3.0;
			};
			name = Debug;
		};
		D8F8655C1ECE915900BC1B93 /* Release */ = {
			isa = XCBuildConfiguration;
			buildSettings = {
				ASSETCATALOG_COMPILER_APPICON_NAME = AppIcon;
				INFOPLIST_FILE = VendingMachine/Info.plist;
				LD_RUNPATH_SEARCH_PATHS = "$(inherited) @executable_path/Frameworks";
				PRODUCT_BUNDLE_IDENTIFIER = kr.xoul.VendingMachine;
				PRODUCT_NAME = "$(TARGET_NAME)";
				SWIFT_VERSION = 3.0;
			};
			name = Release;
		};
/* End XCBuildConfiguration section */

/* Begin XCConfigurationList section */
		D8F865431ECE915800BC1B93 /* Build configuration list for PBXProject "VendingMachine" */ = {
			isa = XCConfigurationList;
			buildConfigurations = (
				D8F865581ECE915900BC1B93 /* Debug */,
				D8F865591ECE915900BC1B93 /* Release */,
			);
			defaultConfigurationIsVisible = 0;
			defaultConfigurationName = Release;
		};
		D8F8655A1ECE915900BC1B93 /* Build configuration list for PBXNativeTarget "VendingMachine" */ = {
			isa = XCConfigurationList;
			buildConfigurations = (
				D8F8655B1ECE915900BC1B93 /* Debug */,
				D8F8655C1ECE915900BC1B93 /* Release */,
			);
			defaultConfigurationIsVisible = 0;
			defaultConfigurationName = Release;
		};
/* End XCConfigurationList section */
	};
	rootObject = D8F865401ECE915800BC1B93 /* Project object */;
}
