// !$*UTF8*$!
{
	archiveVersion = 1;
	classes = {
	};
	objectVersion = 46;
	objects = {

/* Begin PBXBuildFile section */
		D815F8EF1ED43A4F00097045 /* numberbaseballMain.png in Resources */ = {isa = PBXBuildFile; fileRef = D815F8EE1ED43A4F00097045 /* numberbaseballMain.png */; };
		D815F8F11ED43BCA00097045 /* giveup.png in Resources */ = {isa = PBXBuildFile; fileRef = D815F8F01ED43BCA00097045 /* giveup.png */; };
		D815F8F31ED43D1F00097045 /* base.png in Resources */ = {isa = PBXBuildFile; fileRef = D815F8F21ED43D1F00097045 /* base.png */; };
		D8F7A6051ED3C49700EE2FA0 /* AppDelegate.swift in Sources */ = {isa = PBXBuildFile; fileRef = D8F7A6041ED3C49700EE2FA0 /* AppDelegate.swift */; };
		D8F7A6071ED3C49700EE2FA0 /* ViewController.swift in Sources */ = {isa = PBXBuildFile; fileRef = D8F7A6061ED3C49700EE2FA0 /* ViewController.swift */; };
		D8F7A60A1ED3C49700EE2FA0 /* Main.storyboard in Resources */ = {isa = PBXBuildFile; fileRef = D8F7A6081ED3C49700EE2FA0 /* Main.storyboard */; };
		D8F7A60C1ED3C49700EE2FA0 /* Assets.xcassets in Resources */ = {isa = PBXBuildFile; fileRef = D8F7A60B1ED3C49700EE2FA0 /* Assets.xcassets */; };
		D8F7A60F1ED3C49700EE2FA0 /* LaunchScreen.storyboard in Resources */ = {isa = PBXBuildFile; fileRef = D8F7A60D1ED3C49700EE2FA0 /* LaunchScreen.storyboard */; };
/* End PBXBuildFile section */

/* Begin PBXFileReference section */
		D815F8EE1ED43A4F00097045 /* numberbaseballMain.png */ = {isa = PBXFileReference; lastKnownFileType = image.png; path = numberbaseballMain.png; sourceTree = "<group>"; };
		D815F8F01ED43BCA00097045 /* giveup.png */ = {isa = PBXFileReference; lastKnownFileType = image.png; path = giveup.png; sourceTree = "<group>"; };
		D815F8F21ED43D1F00097045 /* base.png */ = {isa = PBXFileReference; lastKnownFileType = image.png; path = base.png; sourceTree = "<group>"; };
		D8F7A6011ED3C49700EE2FA0 /* BaseballGame.app */ = {isa = PBXFileReference; explicitFileType = wrapper.application; includeInIndex = 0; path = BaseballGame.app; sourceTree = BUILT_PRODUCTS_DIR; };
		D8F7A6041ED3C49700EE2FA0 /* AppDelegate.swift */ = {isa = PBXFileReference; lastKnownFileType = sourcecode.swift; path = AppDelegate.swift; sourceTree = "<group>"; };
		D8F7A6061ED3C49700EE2FA0 /* ViewController.swift */ = {isa = PBXFileReference; lastKnownFileType = sourcecode.swift; path = ViewController.swift; sourceTree = "<group>"; };
		D8F7A6091ED3C49700EE2FA0 /* Base */ = {isa = PBXFileReference; lastKnownFileType = file.storyboard; name = Base; path = Base.lproj/Main.storyboard; sourceTree = "<group>"; };
		D8F7A60B1ED3C49700EE2FA0 /* Assets.xcassets */ = {isa = PBXFileReference; lastKnownFileType = folder.assetcatalog; path = Assets.xcassets; sourceTree = "<group>"; };
		D8F7A60E1ED3C49700EE2FA0 /* Base */ = {isa = PBXFileReference; lastKnownFileType = file.storyboard; name = Base; path = Base.lproj/LaunchScreen.storyboard; sourceTree = "<group>"; };
		D8F7A6101ED3C49700EE2FA0 /* Info.plist */ = {isa = PBXFileReference; lastKnownFileType = text.plist.xml; path = Info.plist; sourceTree = "<group>"; };
/* End PBXFileReference section */

/* Begin PBXFrameworksBuildPhase section */
		D8F7A5FE1ED3C49700EE2FA0 /* Frameworks */ = {
			isa = PBXFrameworksBuildPhase;
			buildActionMask = 2147483647;
			files = (
			);
			runOnlyForDeploymentPostprocessing = 0;
		};
/* End PBXFrameworksBuildPhase section */

/* Begin PBXGroup section */
		D8F7A5F81ED3C49700EE2FA0 = {
			isa = PBXGroup;
			children = (
				D8F7A6031ED3C49700EE2FA0 /* BaseballGame */,
				D8F7A6021ED3C49700EE2FA0 /* Products */,
			);
			sourceTree = "<group>";
		};
		D8F7A6021ED3C49700EE2FA0 /* Products */ = {
			isa = PBXGroup;
			children = (
				D8F7A6011ED3C49700EE2FA0 /* BaseballGame.app */,
			);
			name = Products;
			sourceTree = "<group>";
		};
		D8F7A6031ED3C49700EE2FA0 /* BaseballGame */ = {
			isa = PBXGroup;
			children = (
				D8F7A6041ED3C49700EE2FA0 /* AppDelegate.swift */,
				D8F7A6061ED3C49700EE2FA0 /* ViewController.swift */,
				D8F7A6081ED3C49700EE2FA0 /* Main.storyboard */,
				D8F7A60B1ED3C49700EE2FA0 /* Assets.xcassets */,
				D8F7A60D1ED3C49700EE2FA0 /* LaunchScreen.storyboard */,
				D815F8EE1ED43A4F00097045 /* numberbaseballMain.png */,
				D815F8F01ED43BCA00097045 /* giveup.png */,
				D815F8F21ED43D1F00097045 /* base.png */,
				D8F7A6101ED3C49700EE2FA0 /* Info.plist */,
			);
			path = BaseballGame;
			sourceTree = "<group>";
		};
/* End PBXGroup section */

/* Begin PBXNativeTarget section */
		D8F7A6001ED3C49700EE2FA0 /* BaseballGame */ = {
			isa = PBXNativeTarget;
			buildConfigurationList = D8F7A6131ED3C49700EE2FA0 /* Build configuration list for PBXNativeTarget "BaseballGame" */;
			buildPhases = (
				D8F7A5FD1ED3C49700EE2FA0 /* Sources */,
				D8F7A5FE1ED3C49700EE2FA0 /* Frameworks */,
				D8F7A5FF1ED3C49700EE2FA0 /* Resources */,
			);
			buildRules = (
			);
			dependencies = (
			);
			name = BaseballGame;
			productName = BaseballGame;
			productReference = D8F7A6011ED3C49700EE2FA0 /* BaseballGame.app */;
			productType = "com.apple.product-type.application";
		};
/* End PBXNativeTarget section */

/* Begin PBXProject section */
		D8F7A5F91ED3C49700EE2FA0 /* Project object */ = {
			isa = PBXProject;
			attributes = {
				LastSwiftUpdateCheck = 0820;
				LastUpgradeCheck = 0820;
				ORGANIZATIONNAME = joe;
				TargetAttributes = {
					D8F7A6001ED3C49700EE2FA0 = {
						CreatedOnToolsVersion = 8.2.1;
						DevelopmentTeam = KKWVBL69G7;
						ProvisioningStyle = Automatic;
					};
				};
			};
			buildConfigurationList = D8F7A5FC1ED3C49700EE2FA0 /* Build configuration list for PBXProject "BaseballGame" */;
			compatibilityVersion = "Xcode 3.2";
			developmentRegion = English;
			hasScannedForEncodings = 0;
			knownRegions = (
				en,
				Base,
			);
			mainGroup = D8F7A5F81ED3C49700EE2FA0;
			productRefGroup = D8F7A6021ED3C49700EE2FA0 /* Products */;
			projectDirPath = "";
			projectRoot = "";
			targets = (
				D8F7A6001ED3C49700EE2FA0 /* BaseballGame */,
			);
		};
/* End PBXProject section */

/* Begin PBXResourcesBuildPhase section */
		D8F7A5FF1ED3C49700EE2FA0 /* Resources */ = {
			isa = PBXResourcesBuildPhase;
			buildActionMask = 2147483647;
			files = (
				D8F7A60F1ED3C49700EE2FA0 /* LaunchScreen.storyboard in Resources */,
				D815F8F11ED43BCA00097045 /* giveup.png in Resources */,
				D815F8F31ED43D1F00097045 /* base.png in Resources */,
				D815F8EF1ED43A4F00097045 /* numberbaseballMain.png in Resources */,
				D8F7A60C1ED3C49700EE2FA0 /* Assets.xcassets in Resources */,
				D8F7A60A1ED3C49700EE2FA0 /* Main.storyboard in Resources */,
			);
			runOnlyForDeploymentPostprocessing = 0;
		};
/* End PBXResourcesBuildPhase section */

/* Begin PBXSourcesBuildPhase section */
		D8F7A5FD1ED3C49700EE2FA0 /* Sources */ = {
			isa = PBXSourcesBuildPhase;
			buildActionMask = 2147483647;
			files = (
				D8F7A6071ED3C49700EE2FA0 /* ViewController.swift in Sources */,
				D8F7A6051ED3C49700EE2FA0 /* AppDelegate.swift in Sources */,
			);
			runOnlyForDeploymentPostprocessing = 0;
		};
/* End PBXSourcesBuildPhase section */

/* Begin PBXVariantGroup section */
		D8F7A6081ED3C49700EE2FA0 /* Main.storyboard */ = {
			isa = PBXVariantGroup;
			children = (
				D8F7A6091ED3C49700EE2FA0 /* Base */,
			);
			name = Main.storyboard;
			sourceTree = "<group>";
		};
		D8F7A60D1ED3C49700EE2FA0 /* LaunchScreen.storyboard */ = {
			isa = PBXVariantGroup;
			children = (
				D8F7A60E1ED3C49700EE2FA0 /* Base */,
			);
			name = LaunchScreen.storyboard;
			sourceTree = "<group>";
		};
/* End PBXVariantGroup section */

/* Begin XCBuildConfiguration section */
		D8F7A6111ED3C49700EE2FA0 /* Debug */ = {
			isa = XCBuildConfiguration;
			buildSettings = {
				ALWAYS_SEARCH_USER_PATHS = NO;
				CLANG_ANALYZER_NONNULL = YES;
				CLANG_CXX_LANGUAGE_STANDARD = "gnu++0x";
				CLANG_CXX_LIBRARY = "libc++";
				CLANG_ENABLE_MODULES = YES;
				CLANG_ENABLE_OBJC_ARC = YES;
				CLANG_WARN_BOOL_CONVERSION = YES;
				CLANG_WARN_CONSTANT_CONVERSION = YES;
				CLANG_WARN_DIRECT_OBJC_ISA_USAGE = YES_ERROR;
				CLANG_WARN_DOCUMENTATION_COMMENTS = YES;
				CLANG_WARN_EMPTY_BODY = YES;
				CLANG_WARN_ENUM_CONVERSION = YES;
				CLANG_WARN_INFINITE_RECURSION = YES;
				CLANG_WARN_INT_CONVERSION = YES;
				CLANG_WARN_OBJC_ROOT_CLASS = YES_ERROR;
				CLANG_WARN_SUSPICIOUS_MOVE = YES;
				CLANG_WARN_UNREACHABLE_CODE = YES;
				CLANG_WARN__DUPLICATE_METHOD_MATCH = YES;
				"CODE_SIGN_IDENTITY[sdk=iphoneos*]" = "iPhone Developer";
				COPY_PHASE_STRIP = NO;
				DEBUG_INFORMATION_FORMAT = dwarf;
				ENABLE_STRICT_OBJC_MSGSEND = YES;
				ENABLE_TESTABILITY = YES;
				GCC_C_LANGUAGE_STANDARD = gnu99;
				GCC_DYNAMIC_NO_PIC = NO;
				GCC_NO_COMMON_BLOCKS = YES;
				GCC_OPTIMIZATION_LEVEL = 0;
				GCC_PREPROCESSOR_DEFINITIONS = (
					"DEBUG=1",
					"$(inherited)",
				);
				GCC_WARN_64_TO_32_BIT_CONVERSION = YES;
				GCC_WARN_ABOUT_RETURN_TYPE = YES_ERROR;
				GCC_WARN_UNDECLARED_SELECTOR = YES;
				GCC_WARN_UNINITIALIZED_AUTOS = YES_AGGRESSIVE;
				GCC_WARN_UNUSED_FUNCTION = YES;
				GCC_WARN_UNUSED_VARIABLE = YES;
				IPHONEOS_DEPLOYMENT_TARGET = 10.2;
				MTL_ENABLE_DEBUG_INFO = YES;
				ONLY_ACTIVE_ARCH = YES;
				SDKROOT = iphoneos;
				SWIFT_ACTIVE_COMPILATION_CONDITIONS = DEBUG;
				SWIFT_OPTIMIZATION_LEVEL = "-Onone";
			};
			name = Debug;
		};
		D8F7A6121ED3C49700EE2FA0 /* Release */ = {
			isa = XCBuildConfiguration;
			buildSettings = {
				ALWAYS_SEARCH_USER_PATHS = NO;
				CLANG_ANALYZER_NONNULL = YES;
				CLANG_CXX_LANGUAGE_STANDARD = "gnu++0x";
				CLANG_CXX_LIBRARY = "libc++";
				CLANG_ENABLE_MODULES = YES;
				CLANG_ENABLE_OBJC_ARC = YES;
				CLANG_WARN_BOOL_CONVERSION = YES;
				CLANG_WARN_CONSTANT_CONVERSION = YES;
				CLANG_WARN_DIRECT_OBJC_ISA_USAGE = YES_ERROR;
				CLANG_WARN_DOCUMENTATION_COMMENTS = YES;
				CLANG_WARN_EMPTY_BODY = YES;
				CLANG_WARN_ENUM_CONVERSION = YES;
				CLANG_WARN_INFINITE_RECURSION = YES;
				CLANG_WARN_INT_CONVERSION = YES;
				CLANG_WARN_OBJC_ROOT_CLASS = YES_ERROR;
				CLANG_WARN_SUSPICIOUS_MOVE = YES;
				CLANG_WARN_UNREACHABLE_CODE = YES;
				CLANG_WARN__DUPLICATE_METHOD_MATCH = YES;
				"CODE_SIGN_IDENTITY[sdk=iphoneos*]" = "iPhone Developer";
				COPY_PHASE_STRIP = NO;
				DEBUG_INFORMATION_FORMAT = "dwarf-with-dsym";
				ENABLE_NS_ASSERTIONS = NO;
				ENABLE_STRICT_OBJC_MSGSEND = YES;
				GCC_C_LANGUAGE_STANDARD = gnu99;
				GCC_NO_COMMON_BLOCKS = YES;
				GCC_WARN_64_TO_32_BIT_CONVERSION = YES;
				GCC_WARN_ABOUT_RETURN_TYPE = YES_ERROR;
				GCC_WARN_UNDECLARED_SELECTOR = YES;
				GCC_WARN_UNINITIALIZED_AUTOS = YES_AGGRESSIVE;
				GCC_WARN_UNUSED_FUNCTION = YES;
				GCC_WARN_UNUSED_VARIABLE = YES;
				IPHONEOS_DEPLOYMENT_TARGET = 10.2;
				MTL_ENABLE_DEBUG_INFO = NO;
				SDKROOT = iphoneos;
				SWIFT_OPTIMIZATION_LEVEL = "-Owholemodule";
				VALIDATE_PRODUCT = YES;
			};
			name = Release;
		};
		D8F7A6141ED3C49700EE2FA0 /* Debug */ = {
			isa = XCBuildConfiguration;
			buildSettings = {
				ASSETCATALOG_COMPILER_APPICON_NAME = AppIcon;
				ASSETCATALOG_COMPILER_LAUNCHIMAGE_NAME = LaunchImage;
				DEVELOPMENT_TEAM = KKWVBL69G7;
				INFOPLIST_FILE = BaseballGame/Info.plist;
				LD_RUNPATH_SEARCH_PATHS = "$(inherited) @executable_path/Frameworks";
				PRODUCT_BUNDLE_IDENTIFIER = kr.xoul.BaseballGame;
				PRODUCT_NAME = "$(TARGET_NAME)";
				SWIFT_VERSION = 3.0;
			};
			name = Debug;
		};
		D8F7A6151ED3C49700EE2FA0 /* Release */ = {
			isa = XCBuildConfiguration;
			buildSettings = {
				ASSETCATALOG_COMPILER_APPICON_NAME = AppIcon;
				ASSETCATALOG_COMPILER_LAUNCHIMAGE_NAME = LaunchImage;
				DEVELOPMENT_TEAM = KKWVBL69G7;
				INFOPLIST_FILE = BaseballGame/Info.plist;
				LD_RUNPATH_SEARCH_PATHS = "$(inherited) @executable_path/Frameworks";
				PRODUCT_BUNDLE_IDENTIFIER = kr.xoul.BaseballGame;
				PRODUCT_NAME = "$(TARGET_NAME)";
				SWIFT_VERSION = 3.0;
			};
			name = Release;
		};
/* End XCBuildConfiguration section */

/* Begin XCConfigurationList section */
		D8F7A5FC1ED3C49700EE2FA0 /* Build configuration list for PBXProject "BaseballGame" */ = {
			isa = XCConfigurationList;
			buildConfigurations = (
				D8F7A6111ED3C49700EE2FA0 /* Debug */,
				D8F7A6121ED3C49700EE2FA0 /* Release */,
			);
			defaultConfigurationIsVisible = 0;
			defaultConfigurationName = Release;
		};
		D8F7A6131ED3C49700EE2FA0 /* Build configuration list for PBXNativeTarget "BaseballGame" */ = {
			isa = XCConfigurationList;
			buildConfigurations = (
				D8F7A6141ED3C49700EE2FA0 /* Debug */,
				D8F7A6151ED3C49700EE2FA0 /* Release */,
			);
			defaultConfigurationIsVisible = 0;
			defaultConfigurationName = Release;
		};
/* End XCConfigurationList section */
	};
	rootObject = D8F7A5F91ED3C49700EE2FA0 /* Project object */;
}
